
Microsoft Visual Studio Solution File, Format Version 12.00
# Visual Studio Version 17
VisualStudioVersion = 17.13.35806.99 d17.13
MinimumVisualStudioVersion = 10.0.40219.1
Project("{FAE04EC0-301F-11D3-BF4B-00C04F79EFBC}") = "ByteCore.Web", "ByteCore.Web\ByteCore.Web.csproj", "{F59DC099-6E1C-494B-854C-7074595CF481}"
EndProject
Project("{FAE04EC0-301F-11D3-BF4B-00C04F79EFBC}") = "ByteCore.Domain", "ByteCore.Domain\ByteCore.Domain.csproj", "{2E0282FE-3BA9-45A2-A576-537844E92C8A}"
EndProject
Project("{FAE04EC0-301F-11D3-BF4B-00C04F79EFBC}") = "ByteCore.Model", "ByteCore.Model\ByteCore.Model.csproj", "{9EBF3435-0A62-4E23-B244-EAB54EA171AB}"
EndProject
Project("{FAE04EC0-301F-11D3-BF4B-00C04F79EFBC}") = "ByteCore.Data", "ByteCore.Data\ByteCore.Data.csproj", "{33525BFF-5340-416C-AE71-87309BC23B28}"
EndProject
Global
	GlobalSection(SolutionConfigurationPlatforms) = preSolution
		Debug|Any CPU = Debug|Any CPU
		Release|Any CPU = Release|Any CPU
	EndGlobalSection
	GlobalSection(ProjectConfigurationPlatforms) = postSolution
		{F59DC099-6E1C-494B-854C-7074595CF481}.Debug|Any CPU.ActiveCfg = Debug|Any CPU
		{F59DC099-6E1C-494B-854C-7074595CF481}.Debug|Any CPU.Build.0 = Debug|Any CPU
		{F59DC099-6E1C-494B-854C-7074595CF481}.Release|Any CPU.ActiveCfg = Release|Any CPU
		{F59DC099-6E1C-494B-854C-7074595CF481}.Release|Any CPU.Build.0 = Release|Any CPU
		{2E0282FE-3BA9-45A2-A576-537844E92C8A}.Debug|Any CPU.ActiveCfg = Debug|Any CPU
		{2E0282FE-3BA9-45A2-A576-537844E92C8A}.Debug|Any CPU.Build.0 = Debug|Any CPU
		{2E0282FE-3BA9-45A2-A576-537844E92C8A}.Release|Any CPU.ActiveCfg = Release|Any CPU
		{2E0282FE-3BA9-45A2-A576-537844E92C8A}.Release|Any CPU.Build.0 = Release|Any CPU
		{9EBF3435-0A62-4E23-B244-EAB54EA171AB}.Debug|Any CPU.ActiveCfg = Debug|Any CPU
		{9EBF3435-0A62-4E23-B244-EAB54EA171AB}.Debug|Any CPU.Build.0 = Debug|Any CPU
		{9EBF3435-0A62-4E23-B244-EAB54EA171AB}.Release|Any CPU.ActiveCfg = Release|Any CPU
		{9EBF3435-0A62-4E23-B244-EAB54EA171AB}.Release|Any CPU.Build.0 = Release|Any CPU
		{33525BFF-5340-416C-AE71-87309BC23B28}.Debug|Any CPU.ActiveCfg = Debug|Any CPU
		{33525BFF-5340-416C-AE71-87309BC23B28}.Debug|Any CPU.Build.0 = Debug|Any CPU
		{33525BFF-5340-416C-AE71-87309BC23B28}.Release|Any CPU.ActiveCfg = Release|Any CPU
		{33525BFF-5340-416C-AE71-87309BC23B28}.Release|Any CPU.Build.0 = Release|Any CPU
	EndGlobalSection
	GlobalSection(SolutionProperties) = preSolution
		HideSolutionNode = FALSE
	EndGlobalSection
	GlobalSection(ExtensibilityGlobals) = postSolution
		SolutionGuid = {1842BC2B-1EA7-45EB-930B-FDC67820BF0F}
	EndGlobalSection
EndGlobal
